// !$*UTF8*$!
{
	archiveVersion = 1;
	classes = {
	};
	objectVersion = 51;
	objects = {

/* Begin PBXBuildFile section */
		218C997C92FA279A57655FC5 /* Pods_SeniorProj.framework in Frameworks */ = {isa = PBXBuildFile; fileRef = 49F92B94A4249A71CD5CA255 /* Pods_SeniorProj.framework */; };
		663EECA881CB2D1C2B2CFA29 /* Pods_SeniorProj_SeniorProjUITests.framework in Frameworks */ = {isa = PBXBuildFile; fileRef = 121309B709F8D9A525B3F135 /* Pods_SeniorProj_SeniorProjUITests.framework */; };
		AFCE096210EA15D4B192D6E5 /* Pods_SeniorProjTests.framework in Frameworks */ = {isa = PBXBuildFile; fileRef = 73F27EE90F9546744783E50F /* Pods_SeniorProjTests.framework */; };
		E888353525C3854C00687650 /* HelperFunctions.swift in Sources */ = {isa = PBXBuildFile; fileRef = E888353425C3854C00687650 /* HelperFunctions.swift */; };
		E8BAF4D225AE91EB0036CD77 /* AppDelegate.swift in Sources */ = {isa = PBXBuildFile; fileRef = E8BAF4D125AE91EB0036CD77 /* AppDelegate.swift */; };
		E8BAF4D425AE91EB0036CD77 /* SceneDelegate.swift in Sources */ = {isa = PBXBuildFile; fileRef = E8BAF4D325AE91EB0036CD77 /* SceneDelegate.swift */; };
		E8BAF4D625AE91EB0036CD77 /* ViewController.swift in Sources */ = {isa = PBXBuildFile; fileRef = E8BAF4D525AE91EB0036CD77 /* ViewController.swift */; };
		E8BAF4D925AE91EB0036CD77 /* Main.storyboard in Resources */ = {isa = PBXBuildFile; fileRef = E8BAF4D725AE91EB0036CD77 /* Main.storyboard */; };
		E8BAF4DB25AE91EE0036CD77 /* Assets.xcassets in Resources */ = {isa = PBXBuildFile; fileRef = E8BAF4DA25AE91EE0036CD77 /* Assets.xcassets */; };
		E8BAF4DE25AE91EE0036CD77 /* LaunchScreen.storyboard in Resources */ = {isa = PBXBuildFile; fileRef = E8BAF4DC25AE91EE0036CD77 /* LaunchScreen.storyboard */; };
		E8BAF4E925AE91EF0036CD77 /* SeniorProjTests.swift in Sources */ = {isa = PBXBuildFile; fileRef = E8BAF4E825AE91EF0036CD77 /* SeniorProjTests.swift */; };
		E8BAF4F425AE91EF0036CD77 /* SeniorProjUITests.swift in Sources */ = {isa = PBXBuildFile; fileRef = E8BAF4F325AE91EF0036CD77 /* SeniorProjUITests.swift */; };
		E8C712B225C549A00010CCBB /* FirstViewController.swift in Sources */ = {isa = PBXBuildFile; fileRef = E8C712B125C549A00010CCBB /* FirstViewController.swift */; };
		E8E9F9FE25B24B330049FE11 /* MyFormViewController.swift in Sources */ = {isa = PBXBuildFile; fileRef = E8E9F9FD25B24B330049FE11 /* MyFormViewController.swift */; };
/* End PBXBuildFile section */

/* Begin PBXContainerItemProxy section */
		E8BAF4E525AE91EF0036CD77 /* PBXContainerItemProxy */ = {
			isa = PBXContainerItemProxy;
			containerPortal = E8BAF4C625AE91EB0036CD77 /* Project object */;
			proxyType = 1;
			remoteGlobalIDString = E8BAF4CD25AE91EB0036CD77;
			remoteInfo = SeniorProj;
		};
		E8BAF4F025AE91EF0036CD77 /* PBXContainerItemProxy */ = {
			isa = PBXContainerItemProxy;
			containerPortal = E8BAF4C625AE91EB0036CD77 /* Project object */;
			proxyType = 1;
			remoteGlobalIDString = E8BAF4CD25AE91EB0036CD77;
			remoteInfo = SeniorProj;
		};
/* End PBXContainerItemProxy section */

/* Begin PBXFileReference section */
		121309B709F8D9A525B3F135 /* Pods_SeniorProj_SeniorProjUITests.framework */ = {isa = PBXFileReference; explicitFileType = wrapper.framework; includeInIndex = 0; path = Pods_SeniorProj_SeniorProjUITests.framework; sourceTree = BUILT_PRODUCTS_DIR; };
		219E7A3BA5DD8093F2EB61EE /* Pods-SeniorProj-SeniorProjUITests.release.xcconfig */ = {isa = PBXFileReference; includeInIndex = 1; lastKnownFileType = text.xcconfig; name = "Pods-SeniorProj-SeniorProjUITests.release.xcconfig"; path = "Target Support Files/Pods-SeniorProj-SeniorProjUITests/Pods-SeniorProj-SeniorProjUITests.release.xcconfig"; sourceTree = "<group>"; };
		258648F35E788567A96BF86B /* Pods-SeniorProjTests.release.xcconfig */ = {isa = PBXFileReference; includeInIndex = 1; lastKnownFileType = text.xcconfig; name = "Pods-SeniorProjTests.release.xcconfig"; path = "Target Support Files/Pods-SeniorProjTests/Pods-SeniorProjTests.release.xcconfig"; sourceTree = "<group>"; };
		49F92B94A4249A71CD5CA255 /* Pods_SeniorProj.framework */ = {isa = PBXFileReference; explicitFileType = wrapper.framework; includeInIndex = 0; path = Pods_SeniorProj.framework; sourceTree = BUILT_PRODUCTS_DIR; };
		73F27EE90F9546744783E50F /* Pods_SeniorProjTests.framework */ = {isa = PBXFileReference; explicitFileType = wrapper.framework; includeInIndex = 0; path = Pods_SeniorProjTests.framework; sourceTree = BUILT_PRODUCTS_DIR; };
		8BCA2950D2416295C8B9553E /* Pods-SeniorProj.debug.xcconfig */ = {isa = PBXFileReference; includeInIndex = 1; lastKnownFileType = text.xcconfig; name = "Pods-SeniorProj.debug.xcconfig"; path = "Target Support Files/Pods-SeniorProj/Pods-SeniorProj.debug.xcconfig"; sourceTree = "<group>"; };
		961EDC5B75B66B191F22839E /* Pods-SeniorProj.release.xcconfig */ = {isa = PBXFileReference; includeInIndex = 1; lastKnownFileType = text.xcconfig; name = "Pods-SeniorProj.release.xcconfig"; path = "Target Support Files/Pods-SeniorProj/Pods-SeniorProj.release.xcconfig"; sourceTree = "<group>"; };
		E22A8B327DE1C6B2F948BADB /* Pods-SeniorProjTests.debug.xcconfig */ = {isa = PBXFileReference; includeInIndex = 1; lastKnownFileType = text.xcconfig; name = "Pods-SeniorProjTests.debug.xcconfig"; path = "Target Support Files/Pods-SeniorProjTests/Pods-SeniorProjTests.debug.xcconfig"; sourceTree = "<group>"; };
		E888353425C3854C00687650 /* HelperFunctions.swift */ = {isa = PBXFileReference; lastKnownFileType = sourcecode.swift; path = HelperFunctions.swift; sourceTree = "<group>"; };
		E8BAF4CE25AE91EB0036CD77 /* SeniorProj.app */ = {isa = PBXFileReference; explicitFileType = wrapper.application; includeInIndex = 0; path = SeniorProj.app; sourceTree = BUILT_PRODUCTS_DIR; };
		E8BAF4D125AE91EB0036CD77 /* AppDelegate.swift */ = {isa = PBXFileReference; lastKnownFileType = sourcecode.swift; path = AppDelegate.swift; sourceTree = "<group>"; };
		E8BAF4D325AE91EB0036CD77 /* SceneDelegate.swift */ = {isa = PBXFileReference; lastKnownFileType = sourcecode.swift; path = SceneDelegate.swift; sourceTree = "<group>"; };
		E8BAF4D525AE91EB0036CD77 /* ViewController.swift */ = {isa = PBXFileReference; lastKnownFileType = sourcecode.swift; path = ViewController.swift; sourceTree = "<group>"; };
		E8BAF4D825AE91EB0036CD77 /* Base */ = {isa = PBXFileReference; lastKnownFileType = file.storyboard; name = Base; path = Base.lproj/Main.storyboard; sourceTree = "<group>"; };
		E8BAF4DA25AE91EE0036CD77 /* Assets.xcassets */ = {isa = PBXFileReference; lastKnownFileType = folder.assetcatalog; path = Assets.xcassets; sourceTree = "<group>"; };
		E8BAF4DD25AE91EE0036CD77 /* Base */ = {isa = PBXFileReference; lastKnownFileType = file.storyboard; name = Base; path = Base.lproj/LaunchScreen.storyboard; sourceTree = "<group>"; };
		E8BAF4DF25AE91EE0036CD77 /* Info.plist */ = {isa = PBXFileReference; lastKnownFileType = text.plist.xml; path = Info.plist; sourceTree = "<group>"; };
		E8BAF4E425AE91EF0036CD77 /* SeniorProjTests.xctest */ = {isa = PBXFileReference; explicitFileType = wrapper.cfbundle; includeInIndex = 0; path = SeniorProjTests.xctest; sourceTree = BUILT_PRODUCTS_DIR; };
		E8BAF4E825AE91EF0036CD77 /* SeniorProjTests.swift */ = {isa = PBXFileReference; lastKnownFileType = sourcecode.swift; path = SeniorProjTests.swift; sourceTree = "<group>"; };
		E8BAF4EA25AE91EF0036CD77 /* Info.plist */ = {isa = PBXFileReference; lastKnownFileType = text.plist.xml; path = Info.plist; sourceTree = "<group>"; };
		E8BAF4EF25AE91EF0036CD77 /* SeniorProjUITests.xctest */ = {isa = PBXFileReference; explicitFileType = wrapper.cfbundle; includeInIndex = 0; path = SeniorProjUITests.xctest; sourceTree = BUILT_PRODUCTS_DIR; };
		E8BAF4F325AE91EF0036CD77 /* SeniorProjUITests.swift */ = {isa = PBXFileReference; lastKnownFileType = sourcecode.swift; path = SeniorProjUITests.swift; sourceTree = "<group>"; };
		E8BAF4F525AE91EF0036CD77 /* Info.plist */ = {isa = PBXFileReference; lastKnownFileType = text.plist.xml; path = Info.plist; sourceTree = "<group>"; };
		E8C712B125C549A00010CCBB /* FirstViewController.swift */ = {isa = PBXFileReference; lastKnownFileType = sourcecode.swift; path = FirstViewController.swift; sourceTree = "<group>"; };
		E8E9F9FD25B24B330049FE11 /* MyFormViewController.swift */ = {isa = PBXFileReference; lastKnownFileType = sourcecode.swift; path = MyFormViewController.swift; sourceTree = "<group>"; };
		FA12B66A87E6117CCC3D31AB /* Pods-SeniorProj-SeniorProjUITests.debug.xcconfig */ = {isa = PBXFileReference; includeInIndex = 1; lastKnownFileType = text.xcconfig; name = "Pods-SeniorProj-SeniorProjUITests.debug.xcconfig"; path = "Target Support Files/Pods-SeniorProj-SeniorProjUITests/Pods-SeniorProj-SeniorProjUITests.debug.xcconfig"; sourceTree = "<group>"; };
/* End PBXFileReference section */

/* Begin PBXFrameworksBuildPhase section */
		E8BAF4CB25AE91EB0036CD77 /* Frameworks */ = {
			isa = PBXFrameworksBuildPhase;
			buildActionMask = 2147483647;
			files = (
				218C997C92FA279A57655FC5 /* Pods_SeniorProj.framework in Frameworks */,
			);
			runOnlyForDeploymentPostprocessing = 0;
		};
		E8BAF4E125AE91EF0036CD77 /* Frameworks */ = {
			isa = PBXFrameworksBuildPhase;
			buildActionMask = 2147483647;
			files = (
				AFCE096210EA15D4B192D6E5 /* Pods_SeniorProjTests.framework in Frameworks */,
			);
			runOnlyForDeploymentPostprocessing = 0;
		};
		E8BAF4EC25AE91EF0036CD77 /* Frameworks */ = {
			isa = PBXFrameworksBuildPhase;
			buildActionMask = 2147483647;
			files = (
				663EECA881CB2D1C2B2CFA29 /* Pods_SeniorProj_SeniorProjUITests.framework in Frameworks */,
			);
			runOnlyForDeploymentPostprocessing = 0;
		};
/* End PBXFrameworksBuildPhase section */

/* Begin PBXGroup section */
		A54EBC6C0AFC2F431AD2A9A2 /* Frameworks */ = {
			isa = PBXGroup;
			children = (
				49F92B94A4249A71CD5CA255 /* Pods_SeniorProj.framework */,
				121309B709F8D9A525B3F135 /* Pods_SeniorProj_SeniorProjUITests.framework */,
				73F27EE90F9546744783E50F /* Pods_SeniorProjTests.framework */,
			);
			name = Frameworks;
			sourceTree = "<group>";
		};
		B3D04AF025D998A36807CEC7 /* Pods */ = {
			isa = PBXGroup;
			children = (
				8BCA2950D2416295C8B9553E /* Pods-SeniorProj.debug.xcconfig */,
				961EDC5B75B66B191F22839E /* Pods-SeniorProj.release.xcconfig */,
				FA12B66A87E6117CCC3D31AB /* Pods-SeniorProj-SeniorProjUITests.debug.xcconfig */,
				219E7A3BA5DD8093F2EB61EE /* Pods-SeniorProj-SeniorProjUITests.release.xcconfig */,
				E22A8B327DE1C6B2F948BADB /* Pods-SeniorProjTests.debug.xcconfig */,
				258648F35E788567A96BF86B /* Pods-SeniorProjTests.release.xcconfig */,
			);
			path = Pods;
			sourceTree = "<group>";
		};
		E8BAF4C525AE91EB0036CD77 = {
			isa = PBXGroup;
			children = (
				E8BAF4D025AE91EB0036CD77 /* SeniorProj */,
				E8BAF4E725AE91EF0036CD77 /* SeniorProjTests */,
				E8BAF4F225AE91EF0036CD77 /* SeniorProjUITests */,
				E8BAF4CF25AE91EB0036CD77 /* Products */,
				B3D04AF025D998A36807CEC7 /* Pods */,
				A54EBC6C0AFC2F431AD2A9A2 /* Frameworks */,
			);
			sourceTree = "<group>";
		};
		E8BAF4CF25AE91EB0036CD77 /* Products */ = {
			isa = PBXGroup;
			children = (
				E8BAF4CE25AE91EB0036CD77 /* SeniorProj.app */,
				E8BAF4E425AE91EF0036CD77 /* SeniorProjTests.xctest */,
				E8BAF4EF25AE91EF0036CD77 /* SeniorProjUITests.xctest */,
			);
			name = Products;
			sourceTree = "<group>";
		};
		E8BAF4D025AE91EB0036CD77 /* SeniorProj */ = {
			isa = PBXGroup;
			children = (
				E8BAF4D125AE91EB0036CD77 /* AppDelegate.swift */,
				E8BAF4D325AE91EB0036CD77 /* SceneDelegate.swift */,
				E8BAF4D525AE91EB0036CD77 /* ViewController.swift */,
				E8E9F9FD25B24B330049FE11 /* MyFormViewController.swift */,
				E888353425C3854C00687650 /* HelperFunctions.swift */,
				E8C712B125C549A00010CCBB /* FirstViewController.swift */,
				E8BAF4D725AE91EB0036CD77 /* Main.storyboard */,
				E8BAF4DA25AE91EE0036CD77 /* Assets.xcassets */,
				E8BAF4DC25AE91EE0036CD77 /* LaunchScreen.storyboard */,
				E8BAF4DF25AE91EE0036CD77 /* Info.plist */,
			);
			path = SeniorProj;
			sourceTree = "<group>";
		};
		E8BAF4E725AE91EF0036CD77 /* SeniorProjTests */ = {
			isa = PBXGroup;
			children = (
				E8BAF4E825AE91EF0036CD77 /* SeniorProjTests.swift */,
				E8BAF4EA25AE91EF0036CD77 /* Info.plist */,
			);
			path = SeniorProjTests;
			sourceTree = "<group>";
		};
		E8BAF4F225AE91EF0036CD77 /* SeniorProjUITests */ = {
			isa = PBXGroup;
			children = (
				E8BAF4F325AE91EF0036CD77 /* SeniorProjUITests.swift */,
				E8BAF4F525AE91EF0036CD77 /* Info.plist */,
			);
			path = SeniorProjUITests;
			sourceTree = "<group>";
		};
/* End PBXGroup section */

/* Begin PBXNativeTarget section */
		E8BAF4CD25AE91EB0036CD77 /* SeniorProj */ = {
			isa = PBXNativeTarget;
			buildConfigurationList = E8BAF4F825AE91EF0036CD77 /* Build configuration list for PBXNativeTarget "SeniorProj" */;
			buildPhases = (
				0EF2675CEF9CA2799A86E293 /* [CP] Check Pods Manifest.lock */,
				E8BAF4CA25AE91EB0036CD77 /* Sources */,
				E8BAF4CB25AE91EB0036CD77 /* Frameworks */,
				E8BAF4CC25AE91EB0036CD77 /* Resources */,
				2E6B7E072B595CBFDAECA67D /* [CP] Embed Pods Frameworks */,
			);
			buildRules = (
			);
			dependencies = (
			);
			name = SeniorProj;
			productName = SeniorProj;
			productReference = E8BAF4CE25AE91EB0036CD77 /* SeniorProj.app */;
			productType = "com.apple.product-type.application";
		};
		E8BAF4E325AE91EF0036CD77 /* SeniorProjTests */ = {
			isa = PBXNativeTarget;
			buildConfigurationList = E8BAF4FB25AE91EF0036CD77 /* Build configuration list for PBXNativeTarget "SeniorProjTests" */;
			buildPhases = (
				D1372340A232FBCFFF0379E1 /* [CP] Check Pods Manifest.lock */,
				E8BAF4E025AE91EF0036CD77 /* Sources */,
				E8BAF4E125AE91EF0036CD77 /* Frameworks */,
				E8BAF4E225AE91EF0036CD77 /* Resources */,
			);
			buildRules = (
			);
			dependencies = (
				E8BAF4E625AE91EF0036CD77 /* PBXTargetDependency */,
			);
			name = SeniorProjTests;
			productName = SeniorProjTests;
			productReference = E8BAF4E425AE91EF0036CD77 /* SeniorProjTests.xctest */;
			productType = "com.apple.product-type.bundle.unit-test";
		};
		E8BAF4EE25AE91EF0036CD77 /* SeniorProjUITests */ = {
			isa = PBXNativeTarget;
			buildConfigurationList = E8BAF4FE25AE91EF0036CD77 /* Build configuration list for PBXNativeTarget "SeniorProjUITests" */;
			buildPhases = (
				4FB9ED8D79B270AFB863612E /* [CP] Check Pods Manifest.lock */,
				E8BAF4EB25AE91EF0036CD77 /* Sources */,
				E8BAF4EC25AE91EF0036CD77 /* Frameworks */,
				E8BAF4ED25AE91EF0036CD77 /* Resources */,
				54D41C230B724B650267A905 /* [CP] Embed Pods Frameworks */,
			);
			buildRules = (
			);
			dependencies = (
				E8BAF4F125AE91EF0036CD77 /* PBXTargetDependency */,
			);
			name = SeniorProjUITests;
			productName = SeniorProjUITests;
			productReference = E8BAF4EF25AE91EF0036CD77 /* SeniorProjUITests.xctest */;
			productType = "com.apple.product-type.bundle.ui-testing";
		};
/* End PBXNativeTarget section */

/* Begin PBXProject section */
		E8BAF4C625AE91EB0036CD77 /* Project object */ = {
			isa = PBXProject;
			attributes = {
				LastSwiftUpdateCheck = 1200;
				LastUpgradeCheck = 1200;
				TargetAttributes = {
					E8BAF4CD25AE91EB0036CD77 = {
						CreatedOnToolsVersion = 12.0;
					};
					E8BAF4E325AE91EF0036CD77 = {
						CreatedOnToolsVersion = 12.0;
						TestTargetID = E8BAF4CD25AE91EB0036CD77;
					};
					E8BAF4EE25AE91EF0036CD77 = {
						CreatedOnToolsVersion = 12.0;
						TestTargetID = E8BAF4CD25AE91EB0036CD77;
					};
				};
			};
			buildConfigurationList = E8BAF4C925AE91EB0036CD77 /* Build configuration list for PBXProject "SeniorProj" */;
			compatibilityVersion = "Xcode 9.3";
			developmentRegion = en;
			hasScannedForEncodings = 0;
			knownRegions = (
				en,
				Base,
			);
			mainGroup = E8BAF4C525AE91EB0036CD77;
			productRefGroup = E8BAF4CF25AE91EB0036CD77 /* Products */;
			projectDirPath = "";
			projectRoot = "";
			targets = (
				E8BAF4CD25AE91EB0036CD77 /* SeniorProj */,
				E8BAF4E325AE91EF0036CD77 /* SeniorProjTests */,
				E8BAF4EE25AE91EF0036CD77 /* SeniorProjUITests */,
			);
		};
/* End PBXProject section */

/* Begin PBXResourcesBuildPhase section */
		E8BAF4CC25AE91EB0036CD77 /* Resources */ = {
			isa = PBXResourcesBuildPhase;
			buildActionMask = 2147483647;
			files = (
				E8BAF4DE25AE91EE0036CD77 /* LaunchScreen.storyboard in Resources */,
				E8BAF4DB25AE91EE0036CD77 /* Assets.xcassets in Resources */,
				E8BAF4D925AE91EB0036CD77 /* Main.storyboard in Resources */,
			);
			runOnlyForDeploymentPostprocessing = 0;
		};
		E8BAF4E225AE91EF0036CD77 /* Resources */ = {
			isa = PBXResourcesBuildPhase;
			buildActionMask = 2147483647;
			files = (
			);
			runOnlyForDeploymentPostprocessing = 0;
		};
		E8BAF4ED25AE91EF0036CD77 /* Resources */ = {
			isa = PBXResourcesBuildPhase;
			buildActionMask = 2147483647;
			files = (
			);
			runOnlyForDeploymentPostprocessing = 0;
		};
/* End PBXResourcesBuildPhase section */

/* Begin PBXShellScriptBuildPhase section */
		0EF2675CEF9CA2799A86E293 /* [CP] Check Pods Manifest.lock */ = {
			isa = PBXShellScriptBuildPhase;
			buildActionMask = 2147483647;
			files = (
			);
			inputFileListPaths = (
			);
			inputPaths = (
				"${PODS_PODFILE_DIR_PATH}/Podfile.lock",
				"${PODS_ROOT}/Manifest.lock",
			);
			name = "[CP] Check Pods Manifest.lock";
			outputFileListPaths = (
			);
			outputPaths = (
				"$(DERIVED_FILE_DIR)/Pods-SeniorProj-checkManifestLockResult.txt",
			);
			runOnlyForDeploymentPostprocessing = 0;
			shellPath = /bin/sh;
			shellScript = "diff \"${PODS_PODFILE_DIR_PATH}/Podfile.lock\" \"${PODS_ROOT}/Manifest.lock\" > /dev/null\nif [ $? != 0 ] ; then\n    # print error to STDERR\n    echo \"error: The sandbox is not in sync with the Podfile.lock. Run 'pod install' or update your CocoaPods installation.\" >&2\n    exit 1\nfi\n# This output is used by Xcode 'outputs' to avoid re-running this script phase.\necho \"SUCCESS\" > \"${SCRIPT_OUTPUT_FILE_0}\"\n";
			showEnvVarsInLog = 0;
		};
		2E6B7E072B595CBFDAECA67D /* [CP] Embed Pods Frameworks */ = {
			isa = PBXShellScriptBuildPhase;
			buildActionMask = 2147483647;
			files = (
			);
			inputFileListPaths = (
				"${PODS_ROOT}/Target Support Files/Pods-SeniorProj/Pods-SeniorProj-frameworks-${CONFIGURATION}-input-files.xcfilelist",
			);
			name = "[CP] Embed Pods Frameworks";
			outputFileListPaths = (
				"${PODS_ROOT}/Target Support Files/Pods-SeniorProj/Pods-SeniorProj-frameworks-${CONFIGURATION}-output-files.xcfilelist",
			);
			runOnlyForDeploymentPostprocessing = 0;
			shellPath = /bin/sh;
			shellScript = "\"${PODS_ROOT}/Target Support Files/Pods-SeniorProj/Pods-SeniorProj-frameworks.sh\"\n";
			showEnvVarsInLog = 0;
		};
		4FB9ED8D79B270AFB863612E /* [CP] Check Pods Manifest.lock */ = {
			isa = PBXShellScriptBuildPhase;
			buildActionMask = 2147483647;
			files = (
			);
			inputFileListPaths = (
			);
			inputPaths = (
				"${PODS_PODFILE_DIR_PATH}/Podfile.lock",
				"${PODS_ROOT}/Manifest.lock",
			);
			name = "[CP] Check Pods Manifest.lock";
			outputFileListPaths = (
			);
			outputPaths = (
				"$(DERIVED_FILE_DIR)/Pods-SeniorProj-SeniorProjUITests-checkManifestLockResult.txt",
			);
			runOnlyForDeploymentPostprocessing = 0;
			shellPath = /bin/sh;
			shellScript = "diff \"${PODS_PODFILE_DIR_PATH}/Podfile.lock\" \"${PODS_ROOT}/Manifest.lock\" > /dev/null\nif [ $? != 0 ] ; then\n    # print error to STDERR\n    echo \"error: The sandbox is not in sync with the Podfile.lock. Run 'pod install' or update your CocoaPods installation.\" >&2\n    exit 1\nfi\n# This output is used by Xcode 'outputs' to avoid re-running this script phase.\necho \"SUCCESS\" > \"${SCRIPT_OUTPUT_FILE_0}\"\n";
			showEnvVarsInLog = 0;
		};
		54D41C230B724B650267A905 /* [CP] Embed Pods Frameworks */ = {
			isa = PBXShellScriptBuildPhase;
			buildActionMask = 2147483647;
			files = (
			);
			inputFileListPaths = (
				"${PODS_ROOT}/Target Support Files/Pods-SeniorProj-SeniorProjUITests/Pods-SeniorProj-SeniorProjUITests-frameworks-${CONFIGURATION}-input-files.xcfilelist",
			);
			name = "[CP] Embed Pods Frameworks";
			outputFileListPaths = (
				"${PODS_ROOT}/Target Support Files/Pods-SeniorProj-SeniorProjUITests/Pods-SeniorProj-SeniorProjUITests-frameworks-${CONFIGURATION}-output-files.xcfilelist",
			);
			runOnlyForDeploymentPostprocessing = 0;
			shellPath = /bin/sh;
			shellScript = "\"${PODS_ROOT}/Target Support Files/Pods-SeniorProj-SeniorProjUITests/Pods-SeniorProj-SeniorProjUITests-frameworks.sh\"\n";
			showEnvVarsInLog = 0;
		};
		D1372340A232FBCFFF0379E1 /* [CP] Check Pods Manifest.lock */ = {
			isa = PBXShellScriptBuildPhase;
			buildActionMask = 2147483647;
			files = (
			);
			inputFileListPaths = (
			);
			inputPaths = (
				"${PODS_PODFILE_DIR_PATH}/Podfile.lock",
				"${PODS_ROOT}/Manifest.lock",
			);
			name = "[CP] Check Pods Manifest.lock";
			outputFileListPaths = (
			);
			outputPaths = (
				"$(DERIVED_FILE_DIR)/Pods-SeniorProjTests-checkManifestLockResult.txt",
			);
			runOnlyForDeploymentPostprocessing = 0;
			shellPath = /bin/sh;
			shellScript = "diff \"${PODS_PODFILE_DIR_PATH}/Podfile.lock\" \"${PODS_ROOT}/Manifest.lock\" > /dev/null\nif [ $? != 0 ] ; then\n    # print error to STDERR\n    echo \"error: The sandbox is not in sync with the Podfile.lock. Run 'pod install' or update your CocoaPods installation.\" >&2\n    exit 1\nfi\n# This output is used by Xcode 'outputs' to avoid re-running this script phase.\necho \"SUCCESS\" > \"${SCRIPT_OUTPUT_FILE_0}\"\n";
			showEnvVarsInLog = 0;
		};
/* End PBXShellScriptBuildPhase section */

/* Begin PBXSourcesBuildPhase section */
		E8BAF4CA25AE91EB0036CD77 /* Sources */ = {
			isa = PBXSourcesBuildPhase;
			buildActionMask = 2147483647;
			files = (
				E888353525C3854C00687650 /* HelperFunctions.swift in Sources */,
				E8BAF4D625AE91EB0036CD77 /* ViewController.swift in Sources */,
				E8BAF4D225AE91EB0036CD77 /* AppDelegate.swift in Sources */,
				E8C712B225C549A00010CCBB /* FirstViewController.swift in Sources */,
				E8E9F9FE25B24B330049FE11 /* MyFormViewController.swift in Sources */,
				E8BAF4D425AE91EB0036CD77 /* SceneDelegate.swift in Sources */,
			);
			runOnlyForDeploymentPostprocessing = 0;
		};
		E8BAF4E025AE91EF0036CD77 /* Sources */ = {
			isa = PBXSourcesBuildPhase;
			buildActionMask = 2147483647;
			files = (
				E8BAF4E925AE91EF0036CD77 /* SeniorProjTests.swift in Sources */,
			);
			runOnlyForDeploymentPostprocessing = 0;
		};
		E8BAF4EB25AE91EF0036CD77 /* Sources */ = {
			isa = PBXSourcesBuildPhase;
			buildActionMask = 2147483647;
			files = (
				E8BAF4F425AE91EF0036CD77 /* SeniorProjUITests.swift in Sources */,
			);
			runOnlyForDeploymentPostprocessing = 0;
		};
/* End PBXSourcesBuildPhase section */

/* Begin PBXTargetDependency section */
		E8BAF4E625AE91EF0036CD77 /* PBXTargetDependency */ = {
			isa = PBXTargetDependency;
			target = E8BAF4CD25AE91EB0036CD77 /* SeniorProj */;
			targetProxy = E8BAF4E525AE91EF0036CD77 /* PBXContainerItemProxy */;
		};
		E8BAF4F125AE91EF0036CD77 /* PBXTargetDependency */ = {
			isa = PBXTargetDependency;
			target = E8BAF4CD25AE91EB0036CD77 /* SeniorProj */;
			targetProxy = E8BAF4F025AE91EF0036CD77 /* PBXContainerItemProxy */;
		};
/* End PBXTargetDependency section */

/* Begin PBXVariantGroup section */
		E8BAF4D725AE91EB0036CD77 /* Main.storyboard */ = {
			isa = PBXVariantGroup;
			children = (
				E8BAF4D825AE91EB0036CD77 /* Base */,
			);
			name = Main.storyboard;
			sourceTree = "<group>";
		};
		E8BAF4DC25AE91EE0036CD77 /* LaunchScreen.storyboard */ = {
			isa = PBXVariantGroup;
			children = (
				E8BAF4DD25AE91EE0036CD77 /* Base */,
			);
			name = LaunchScreen.storyboard;
			sourceTree = "<group>";
		};
/* End PBXVariantGroup section */

/* Begin XCBuildConfiguration section */
		E8BAF4F625AE91EF0036CD77 /* Debug */ = {
			isa = XCBuildConfiguration;
			buildSettings = {
				ALWAYS_SEARCH_USER_PATHS = NO;
				CLANG_ANALYZER_NONNULL = YES;
				CLANG_ANALYZER_NUMBER_OBJECT_CONVERSION = YES_AGGRESSIVE;
				CLANG_CXX_LANGUAGE_STANDARD = "gnu++14";
				CLANG_CXX_LIBRARY = "libc++";
				CLANG_ENABLE_MODULES = YES;
				CLANG_ENABLE_OBJC_ARC = YES;
				CLANG_ENABLE_OBJC_WEAK = YES;
				CLANG_WARN_BLOCK_CAPTURE_AUTORELEASING = YES;
				CLANG_WARN_BOOL_CONVERSION = YES;
				CLANG_WARN_COMMA = YES;
				CLANG_WARN_CONSTANT_CONVERSION = YES;
				CLANG_WARN_DEPRECATED_OBJC_IMPLEMENTATIONS = YES;
				CLANG_WARN_DIRECT_OBJC_ISA_USAGE = YES_ERROR;
				CLANG_WARN_DOCUMENTATION_COMMENTS = YES;
				CLANG_WARN_EMPTY_BODY = YES;
				CLANG_WARN_ENUM_CONVERSION = YES;
				CLANG_WARN_INFINITE_RECURSION = YES;
				CLANG_WARN_INT_CONVERSION = YES;
				CLANG_WARN_NON_LITERAL_NULL_CONVERSION = YES;
				CLANG_WARN_OBJC_IMPLICIT_RETAIN_SELF = YES;
				CLANG_WARN_OBJC_LITERAL_CONVERSION = YES;
				CLANG_WARN_OBJC_ROOT_CLASS = YES_ERROR;
				CLANG_WARN_QUOTED_INCLUDE_IN_FRAMEWORK_HEADER = YES;
				CLANG_WARN_RANGE_LOOP_ANALYSIS = YES;
				CLANG_WARN_STRICT_PROTOTYPES = YES;
				CLANG_WARN_SUSPICIOUS_MOVE = YES;
				CLANG_WARN_UNGUARDED_AVAILABILITY = YES_AGGRESSIVE;
				CLANG_WARN_UNREACHABLE_CODE = YES;
				CLANG_WARN__DUPLICATE_METHOD_MATCH = YES;
				COPY_PHASE_STRIP = NO;
				DEBUG_INFORMATION_FORMAT = dwarf;
				ENABLE_STRICT_OBJC_MSGSEND = YES;
				ENABLE_TESTABILITY = YES;
				GCC_C_LANGUAGE_STANDARD = gnu11;
				GCC_DYNAMIC_NO_PIC = NO;
				GCC_NO_COMMON_BLOCKS = YES;
				GCC_OPTIMIZATION_LEVEL = 0;
				GCC_PREPROCESSOR_DEFINITIONS = (
					"DEBUG=1",
					"$(inherited)",
				);
				GCC_WARN_64_TO_32_BIT_CONVERSION = YES;
				GCC_WARN_ABOUT_RETURN_TYPE = YES_ERROR;
				GCC_WARN_UNDECLARED_SELECTOR = YES;
				GCC_WARN_UNINITIALIZED_AUTOS = YES_AGGRESSIVE;
				GCC_WARN_UNUSED_FUNCTION = YES;
				GCC_WARN_UNUSED_VARIABLE = YES;
				IPHONEOS_DEPLOYMENT_TARGET = 14.0;
				MTL_ENABLE_DEBUG_INFO = INCLUDE_SOURCE;
				MTL_FAST_MATH = YES;
				ONLY_ACTIVE_ARCH = YES;
				SDKROOT = iphoneos;
				SWIFT_ACTIVE_COMPILATION_CONDITIONS = DEBUG;
				SWIFT_OPTIMIZATION_LEVEL = "-Onone";
			};
			name = Debug;
		};
		E8BAF4F725AE91EF0036CD77 /* Release */ = {
			isa = XCBuildConfiguration;
			buildSettings = {
				ALWAYS_SEARCH_USER_PATHS = NO;
				CLANG_ANALYZER_NONNULL = YES;
				CLANG_ANALYZER_NUMBER_OBJECT_CONVERSION = YES_AGGRESSIVE;
				CLANG_CXX_LANGUAGE_STANDARD = "gnu++14";
				CLANG_CXX_LIBRARY = "libc++";
				CLANG_ENABLE_MODULES = YES;
				CLANG_ENABLE_OBJC_ARC = YES;
				CLANG_ENABLE_OBJC_WEAK = YES;
				CLANG_WARN_BLOCK_CAPTURE_AUTORELEASING = YES;
				CLANG_WARN_BOOL_CONVERSION = YES;
				CLANG_WARN_COMMA = YES;
				CLANG_WARN_CONSTANT_CONVERSION = YES;
				CLANG_WARN_DEPRECATED_OBJC_IMPLEMENTATIONS = YES;
				CLANG_WARN_DIRECT_OBJC_ISA_USAGE = YES_ERROR;
				CLANG_WARN_DOCUMENTATION_COMMENTS = YES;
				CLANG_WARN_EMPTY_BODY = YES;
				CLANG_WARN_ENUM_CONVERSION = YES;
				CLANG_WARN_INFINITE_RECURSION = YES;
				CLANG_WARN_INT_CONVERSION = YES;
				CLANG_WARN_NON_LITERAL_NULL_CONVERSION = YES;
				CLANG_WARN_OBJC_IMPLICIT_RETAIN_SELF = YES;
				CLANG_WARN_OBJC_LITERAL_CONVERSION = YES;
				CLANG_WARN_OBJC_ROOT_CLASS = YES_ERROR;
				CLANG_WARN_QUOTED_INCLUDE_IN_FRAMEWORK_HEADER = YES;
				CLANG_WARN_RANGE_LOOP_ANALYSIS = YES;
				CLANG_WARN_STRICT_PROTOTYPES = YES;
				CLANG_WARN_SUSPICIOUS_MOVE = YES;
				CLANG_WARN_UNGUARDED_AVAILABILITY = YES_AGGRESSIVE;
				CLANG_WARN_UNREACHABLE_CODE = YES;
				CLANG_WARN__DUPLICATE_METHOD_MATCH = YES;
				COPY_PHASE_STRIP = NO;
				DEBUG_INFORMATION_FORMAT = "dwarf-with-dsym";
				ENABLE_NS_ASSERTIONS = NO;
				ENABLE_STRICT_OBJC_MSGSEND = YES;
				GCC_C_LANGUAGE_STANDARD = gnu11;
				GCC_NO_COMMON_BLOCKS = YES;
				GCC_WARN_64_TO_32_BIT_CONVERSION = YES;
				GCC_WARN_ABOUT_RETURN_TYPE = YES_ERROR;
				GCC_WARN_UNDECLARED_SELECTOR = YES;
				GCC_WARN_UNINITIALIZED_AUTOS = YES_AGGRESSIVE;
				GCC_WARN_UNUSED_FUNCTION = YES;
				GCC_WARN_UNUSED_VARIABLE = YES;
				IPHONEOS_DEPLOYMENT_TARGET = 14.0;
				MTL_ENABLE_DEBUG_INFO = NO;
				MTL_FAST_MATH = YES;
				SDKROOT = iphoneos;
				SWIFT_COMPILATION_MODE = wholemodule;
				SWIFT_OPTIMIZATION_LEVEL = "-O";
				VALIDATE_PRODUCT = YES;
			};
			name = Release;
		};
		E8BAF4F925AE91EF0036CD77 /* Debug */ = {
			isa = XCBuildConfiguration;
			baseConfigurationReference = 8BCA2950D2416295C8B9553E /* Pods-SeniorProj.debug.xcconfig */;
			buildSettings = {
				ASSETCATALOG_COMPILER_APPICON_NAME = AppIcon;
				ASSETCATALOG_COMPILER_GLOBAL_ACCENT_COLOR_NAME = AccentColor;
				CODE_SIGN_ENTITLEMENTS = "";
				CODE_SIGN_STYLE = Automatic;
				CURRENT_PROJECT_VERSION = 1.1;
				DEVELOPMENT_TEAM = 327CGZT4K9;
				INFOPLIST_FILE = SeniorProj/Info.plist;
				LD_RUNPATH_SEARCH_PATHS = (
					"$(inherited)",
					"@executable_path/Frameworks",
				);
				MARKETING_VERSION = 1.1;
				PRODUCT_BUNDLE_IDENTIFIER = com.aryan.seniorProjectMedID99;
				PRODUCT_NAME = "$(TARGET_NAME)";
				SWIFT_VERSION = 5.0;
				TARGETED_DEVICE_FAMILY = "1,2";
			};
			name = Debug;
		};
		E8BAF4FA25AE91EF0036CD77 /* Release */ = {
			isa = XCBuildConfiguration;
			baseConfigurationReference = 961EDC5B75B66B191F22839E /* Pods-SeniorProj.release.xcconfig */;
			buildSettings = {
				ASSETCATALOG_COMPILER_APPICON_NAME = AppIcon;
				ASSETCATALOG_COMPILER_GLOBAL_ACCENT_COLOR_NAME = AccentColor;
				CODE_SIGN_ENTITLEMENTS = "";
				CODE_SIGN_STYLE = Automatic;
				CURRENT_PROJECT_VERSION = 1.1;
				DEVELOPMENT_TEAM = 327CGZT4K9;
				INFOPLIST_FILE = SeniorProj/Info.plist;
				LD_RUNPATH_SEARCH_PATHS = (
					"$(inherited)",
					"@executable_path/Frameworks",
				);
				MARKETING_VERSION = 1.1;
				PRODUCT_BUNDLE_IDENTIFIER = com.aryan.seniorProjectMedID99;
				PRODUCT_NAME = "$(TARGET_NAME)";
				SWIFT_VERSION = 5.0;
				TARGETED_DEVICE_FAMILY = "1,2";
			};
			name = Release;
		};
		E8BAF4FC25AE91EF0036CD77 /* Debug */ = {
			isa = XCBuildConfiguration;
			baseConfigurationReference = E22A8B327DE1C6B2F948BADB /* Pods-SeniorProjTests.debug.xcconfig */;
			buildSettings = {
				ALWAYS_EMBED_SWIFT_STANDARD_LIBRARIES = YES;
				BUNDLE_LOADER = "$(TEST_HOST)";
				CODE_SIGN_STYLE = Automatic;
				INFOPLIST_FILE = SeniorProjTests/Info.plist;
				IPHONEOS_DEPLOYMENT_TARGET = 14.0;
				LD_RUNPATH_SEARCH_PATHS = (
					"$(inherited)",
					"@executable_path/Frameworks",
					"@loader_path/Frameworks",
				);
				PRODUCT_BUNDLE_IDENTIFIER = com.Matt.x3764hfj.SeniorProjTests;
				PRODUCT_NAME = "$(TARGET_NAME)";
				SWIFT_VERSION = 5.0;
				TARGETED_DEVICE_FAMILY = "1,2";
				TEST_HOST = "$(BUILT_PRODUCTS_DIR)/SeniorProj.app/SeniorProj";
			};
			name = Debug;
		};
		E8BAF4FD25AE91EF0036CD77 /* Release */ = {
			isa = XCBuildConfiguration;
			baseConfigurationReference = 258648F35E788567A96BF86B /* Pods-SeniorProjTests.release.xcconfig */;
			buildSettings = {
				ALWAYS_EMBED_SWIFT_STANDARD_LIBRARIES = YES;
				BUNDLE_LOADER = "$(TEST_HOST)";
				CODE_SIGN_STYLE = Automatic;
				INFOPLIST_FILE = SeniorProjTests/Info.plist;
				IPHONEOS_DEPLOYMENT_TARGET = 14.0;
				LD_RUNPATH_SEARCH_PATHS = (
					"$(inherited)",
					"@executable_path/Frameworks",
					"@loader_path/Frameworks",
				);
				PRODUCT_BUNDLE_IDENTIFIER = com.Matt.x3764hfj.SeniorProjTests;
				PRODUCT_NAME = "$(TARGET_NAME)";
				SWIFT_VERSION = 5.0;
				TARGETED_DEVICE_FAMILY = "1,2";
				TEST_HOST = "$(BUILT_PRODUCTS_DIR)/SeniorProj.app/SeniorProj";
			};
			name = Release;
		};
		E8BAF4FF25AE91EF0036CD77 /* Debug */ = {
			isa = XCBuildConfiguration;
			baseConfigurationReference = FA12B66A87E6117CCC3D31AB /* Pods-SeniorProj-SeniorProjUITests.debug.xcconfig */;
			buildSettings = {
				ALWAYS_EMBED_SWIFT_STANDARD_LIBRARIES = YES;
				CODE_SIGN_STYLE = Automatic;
				INFOPLIST_FILE = SeniorProjUITests/Info.plist;
				LD_RUNPATH_SEARCH_PATHS = (
					"$(inherited)",
					"@executable_path/Frameworks",
					"@loader_path/Frameworks",
				);
				PRODUCT_BUNDLE_IDENTIFIER = com.Matt.x3764hfj.SeniorProjUITests;
				PRODUCT_NAME = "$(TARGET_NAME)";
				SWIFT_VERSION = 5.0;
				TARGETED_DEVICE_FAMILY = "1,2";
				TEST_TARGET_NAME = SeniorProj;
			};
			name = Debug;
		};
		E8BAF50025AE91EF0036CD77 /* Release */ = {
			isa = XCBuildConfiguration;
			baseConfigurationReference = 219E7A3BA5DD8093F2EB61EE /* Pods-SeniorProj-SeniorProjUITests.release.xcconfig */;
			buildSettings = {
				ALWAYS_EMBED_SWIFT_STANDARD_LIBRARIES = YES;
				CODE_SIGN_STYLE = Automatic;
				INFOPLIST_FILE = SeniorProjUITests/Info.plist;
				LD_RUNPATH_SEARCH_PATHS = (
					"$(inherited)",
					"@executable_path/Frameworks",
					"@loader_path/Frameworks",
				);
				PRODUCT_BUNDLE_IDENTIFIER = com.Matt.x3764hfj.SeniorProjUITests;
				PRODUCT_NAME = "$(TARGET_NAME)";
				SWIFT_VERSION = 5.0;
				TARGETED_DEVICE_FAMILY = "1,2";
				TEST_TARGET_NAME = SeniorProj;
			};
			name = Release;
		};
/* End XCBuildConfiguration section */

/* Begin XCConfigurationList section */
		E8BAF4C925AE91EB0036CD77 /* Build configuration list for PBXProject "SeniorProj" */ = {
			isa = XCConfigurationList;
			buildConfigurations = (
				E8BAF4F625AE91EF0036CD77 /* Debug */,
				E8BAF4F725AE91EF0036CD77 /* Release */,
			);
			defaultConfigurationIsVisible = 0;
			defaultConfigurationName = Release;
		};
		E8BAF4F825AE91EF0036CD77 /* Build configuration list for PBXNativeTarget "SeniorProj" */ = {
			isa = XCConfigurationList;
			buildConfigurations = (
				E8BAF4F925AE91EF0036CD77 /* Debug */,
				E8BAF4FA25AE91EF0036CD77 /* Release */,
			);
			defaultConfigurationIsVisible = 0;
			defaultConfigurationName = Release;
		};
		E8BAF4FB25AE91EF0036CD77 /* Build configuration list for PBXNativeTarget "SeniorProjTests" */ = {
			isa = XCConfigurationList;
			buildConfigurations = (
				E8BAF4FC25AE91EF0036CD77 /* Debug */,
				E8BAF4FD25AE91EF0036CD77 /* Release */,
			);
			defaultConfigurationIsVisible = 0;
			defaultConfigurationName = Release;
		};
		E8BAF4FE25AE91EF0036CD77 /* Build configuration list for PBXNativeTarget "SeniorProjUITests" */ = {
			isa = XCConfigurationList;
			buildConfigurations = (
				E8BAF4FF25AE91EF0036CD77 /* Debug */,
				E8BAF50025AE91EF0036CD77 /* Release */,
			);
			defaultConfigurationIsVisible = 0;
			defaultConfigurationName = Release;
		};
/* End XCConfigurationList section */
	};
	rootObject = E8BAF4C625AE91EB0036CD77 /* Project object */;
}
